// !$*UTF8*$!
{
	archiveVersion = 1;
	classes = {
	};
	objectVersion = 50;
	objects = {

/* Begin PBXBuildFile section */
		E152FF7A2517B3A700CF2671 /* memorizeApp.swift in Sources */ = {isa = PBXBuildFile; fileRef = E152FF792517B3A700CF2671 /* memorizeApp.swift */; };
		E152FF7C2517B3A700CF2671 /* EmojiMemoryGameView.swift in Sources */ = {isa = PBXBuildFile; fileRef = E152FF7B2517B3A700CF2671 /* EmojiMemoryGameView.swift */; };
		E152FF7E2517B3A800CF2671 /* Assets.xcassets in Resources */ = {isa = PBXBuildFile; fileRef = E152FF7D2517B3A800CF2671 /* Assets.xcassets */; };
		E152FF812517B3A800CF2671 /* Preview Assets.xcassets in Resources */ = {isa = PBXBuildFile; fileRef = E152FF802517B3A800CF2671 /* Preview Assets.xcassets */; };
		E152FF8A2517B56600CF2671 /* MemoryGame.swift in Sources */ = {isa = PBXBuildFile; fileRef = E152FF892517B56600CF2671 /* MemoryGame.swift */; };
		E152FF8D2517B75C00CF2671 /* EmojiMemoryGame.swift in Sources */ = {isa = PBXBuildFile; fileRef = E152FF8C2517B75C00CF2671 /* EmojiMemoryGame.swift */; };
		E155B5562625BC79008099B2 /* Array+Only.swift in Sources */ = {isa = PBXBuildFile; fileRef = E155B5552625BC79008099B2 /* Array+Only.swift */; };
		E17E0441262702D600B3CDFA /* Cardify.swift in Sources */ = {isa = PBXBuildFile; fileRef = E17E0440262702D600B3CDFA /* Cardify.swift */; };
		E17E0445262704B000B3CDFA /* Pie.swift in Sources */ = {isa = PBXBuildFile; fileRef = E17E0444262704B000B3CDFA /* Pie.swift */; };
		E1CA26C92520CD2E006FAEF0 /* Grid.swift in Sources */ = {isa = PBXBuildFile; fileRef = E1CA26C82520CD2E006FAEF0 /* Grid.swift */; };
		E1CA26CD2520DCF3006FAEF0 /* GridLayout.swift in Sources */ = {isa = PBXBuildFile; fileRef = E1CA26CC2520DCF3006FAEF0 /* GridLayout.swift */; };
		E1CA26D0252136A3006FAEF0 /* Array+Identifiable.swift in Sources */ = {isa = PBXBuildFile; fileRef = E1CA26CF252136A2006FAEF0 /* Array+Identifiable.swift */; };
/* End PBXBuildFile section */

/* Begin PBXFileReference section */
		E152FF762517B3A700CF2671 /* memorize.app */ = {isa = PBXFileReference; explicitFileType = wrapper.application; includeInIndex = 0; path = memorize.app; sourceTree = BUILT_PRODUCTS_DIR; };
		E152FF792517B3A700CF2671 /* memorizeApp.swift */ = {isa = PBXFileReference; lastKnownFileType = sourcecode.swift; path = memorizeApp.swift; sourceTree = "<group>"; };
		E152FF7B2517B3A700CF2671 /* EmojiMemoryGameView.swift */ = {isa = PBXFileReference; lastKnownFileType = sourcecode.swift; path = EmojiMemoryGameView.swift; sourceTree = "<group>"; };
		E152FF7D2517B3A800CF2671 /* Assets.xcassets */ = {isa = PBXFileReference; lastKnownFileType = folder.assetcatalog; path = Assets.xcassets; sourceTree = "<group>"; };
		E152FF802517B3A800CF2671 /* Preview Assets.xcassets */ = {isa = PBXFileReference; lastKnownFileType = folder.assetcatalog; path = "Preview Assets.xcassets"; sourceTree = "<group>"; };
		E152FF822517B3A800CF2671 /* Info.plist */ = {isa = PBXFileReference; lastKnownFileType = text.plist.xml; path = Info.plist; sourceTree = "<group>"; };
		E152FF892517B56600CF2671 /* MemoryGame.swift */ = {isa = PBXFileReference; lastKnownFileType = sourcecode.swift; path = MemoryGame.swift; sourceTree = "<group>"; };
		E152FF8C2517B75C00CF2671 /* EmojiMemoryGame.swift */ = {isa = PBXFileReference; lastKnownFileType = sourcecode.swift; path = EmojiMemoryGame.swift; sourceTree = "<group>"; };
		E155B5552625BC79008099B2 /* Array+Only.swift */ = {isa = PBXFileReference; lastKnownFileType = sourcecode.swift; path = "Array+Only.swift"; sourceTree = "<group>"; };
		E17E0440262702D600B3CDFA /* Cardify.swift */ = {isa = PBXFileReference; lastKnownFileType = sourcecode.swift; path = Cardify.swift; sourceTree = "<group>"; };
		E17E0444262704B000B3CDFA /* Pie.swift */ = {isa = PBXFileReference; lastKnownFileType = sourcecode.swift; path = Pie.swift; sourceTree = "<group>"; };
		E1CA26C82520CD2E006FAEF0 /* Grid.swift */ = {isa = PBXFileReference; lastKnownFileType = sourcecode.swift; path = Grid.swift; sourceTree = "<group>"; };
		E1CA26CC2520DCF3006FAEF0 /* GridLayout.swift */ = {isa = PBXFileReference; fileEncoding = 4; lastKnownFileType = sourcecode.swift; path = GridLayout.swift; sourceTree = "<group>"; };
		E1CA26CF252136A2006FAEF0 /* Array+Identifiable.swift */ = {isa = PBXFileReference; lastKnownFileType = sourcecode.swift; path = "Array+Identifiable.swift"; sourceTree = "<group>"; };
/* End PBXFileReference section */

/* Begin PBXFrameworksBuildPhase section */
		E152FF732517B3A700CF2671 /* Frameworks */ = {
			isa = PBXFrameworksBuildPhase;
			buildActionMask = 2147483647;
			files = (
			);
			runOnlyForDeploymentPostprocessing = 0;
		};
/* End PBXFrameworksBuildPhase section */

/* Begin PBXGroup section */
		E152FF6D2517B3A700CF2671 = {
			isa = PBXGroup;
			children = (
				E152FF782517B3A700CF2671 /* memorize */,
				E152FF772517B3A700CF2671 /* Products */,
			);
			sourceTree = "<group>";
		};
		E152FF772517B3A700CF2671 /* Products */ = {
			isa = PBXGroup;
			children = (
				E152FF762517B3A700CF2671 /* memorize.app */,
			);
			name = Products;
			sourceTree = "<group>";
		};
		E152FF782517B3A700CF2671 /* memorize */ = {
			isa = PBXGroup;
			children = (
				E152FF7B2517B3A700CF2671 /* EmojiMemoryGameView.swift */,
				E17E0440262702D600B3CDFA /* Cardify.swift */,
				E152FF8C2517B75C00CF2671 /* EmojiMemoryGame.swift */,
				E1CA26C82520CD2E006FAEF0 /* Grid.swift */,
				E1CA26CC2520DCF3006FAEF0 /* GridLayout.swift */,
				E152FF892517B56600CF2671 /* MemoryGame.swift */,
				E17E0444262704B000B3CDFA /* Pie.swift */,
				E1CA26CF252136A2006FAEF0 /* Array+Identifiable.swift */,
				E155B5552625BC79008099B2 /* Array+Only.swift */,
				E152FF792517B3A700CF2671 /* memorizeApp.swift */,
				E152FF7D2517B3A800CF2671 /* Assets.xcassets */,
				E152FF822517B3A800CF2671 /* Info.plist */,
				E152FF7F2517B3A800CF2671 /* Preview Content */,
			);
			path = memorize;
			sourceTree = "<group>";
		};
		E152FF7F2517B3A800CF2671 /* Preview Content */ = {
			isa = PBXGroup;
			children = (
				E152FF802517B3A800CF2671 /* Preview Assets.xcassets */,
			);
			path = "Preview Content";
			sourceTree = "<group>";
		};
/* End PBXGroup section */

/* Begin PBXNativeTarget section */
		E152FF752517B3A700CF2671 /* memorize */ = {
			isa = PBXNativeTarget;
			buildConfigurationList = E152FF852517B3A800CF2671 /* Build configuration list for PBXNativeTarget "memorize" */;
			buildPhases = (
				E152FF722517B3A700CF2671 /* Sources */,
				E152FF732517B3A700CF2671 /* Frameworks */,
				E152FF742517B3A700CF2671 /* Resources */,
			);
			buildRules = (
			);
			dependencies = (
			);
			name = memorize;
			productName = memorize;
			productReference = E152FF762517B3A700CF2671 /* memorize.app */;
			productType = "com.apple.product-type.application";
		};
/* End PBXNativeTarget section */

/* Begin PBXProject section */
		E152FF6E2517B3A700CF2671 /* Project object */ = {
			isa = PBXProject;
			attributes = {
				LastSwiftUpdateCheck = 1200;
				LastUpgradeCheck = 1200;
				TargetAttributes = {
					E152FF752517B3A700CF2671 = {
						CreatedOnToolsVersion = 12.0;
					};
				};
			};
			buildConfigurationList = E152FF712517B3A700CF2671 /* Build configuration list for PBXProject "memorize" */;
			compatibilityVersion = "Xcode 9.3";
			developmentRegion = en;
			hasScannedForEncodings = 0;
			knownRegions = (
				en,
				Base,
			);
			mainGroup = E152FF6D2517B3A700CF2671;
			productRefGroup = E152FF772517B3A700CF2671 /* Products */;
			projectDirPath = "";
			projectRoot = "";
			targets = (
				E152FF752517B3A700CF2671 /* memorize */,
			);
		};
/* End PBXProject section */

/* Begin PBXResourcesBuildPhase section */
		E152FF742517B3A700CF2671 /* Resources */ = {
			isa = PBXResourcesBuildPhase;
			buildActionMask = 2147483647;
			files = (
				E152FF812517B3A800CF2671 /* Preview Assets.xcassets in Resources */,
				E152FF7E2517B3A800CF2671 /* Assets.xcassets in Resources */,
			);
			runOnlyForDeploymentPostprocessing = 0;
		};
/* End PBXResourcesBuildPhase section */

/* Begin PBXSourcesBuildPhase section */
		E152FF722517B3A700CF2671 /* Sources */ = {
			isa = PBXSourcesBuildPhase;
			buildActionMask = 2147483647;
			files = (
				E17E0445262704B000B3CDFA /* Pie.swift in Sources */,
				E152FF8A2517B56600CF2671 /* MemoryGame.swift in Sources */,
				E152FF7C2517B3A700CF2671 /* EmojiMemoryGameView.swift in Sources */,
				E152FF7A2517B3A700CF2671 /* memorizeApp.swift in Sources */,
				E17E0441262702D600B3CDFA /* Cardify.swift in Sources */,
				E1CA26CD2520DCF3006FAEF0 /* GridLayout.swift in Sources */,
				E152FF8D2517B75C00CF2671 /* EmojiMemoryGame.swift in Sources */,
				E1CA26D0252136A3006FAEF0 /* Array+Identifiable.swift in Sources */,
				E1CA26C92520CD2E006FAEF0 /* Grid.swift in Sources */,
				E155B5562625BC79008099B2 /* Array+Only.swift in Sources */,
			);
			runOnlyForDeploymentPostprocessing = 0;
		};
/* End PBXSourcesBuildPhase section */

/* Begin XCBuildConfiguration section */
		E152FF832517B3A800CF2671 /* Debug */ = {
			isa = XCBuildConfiguration;
			buildSettings = {
				ALWAYS_SEARCH_USER_PATHS = NO;
				CLANG_ANALYZER_NONNULL = YES;
				CLANG_ANALYZER_NUMBER_OBJECT_CONVERSION = YES_AGGRESSIVE;
				CLANG_CXX_LANGUAGE_STANDARD = "gnu++14";
				CLANG_CXX_LIBRARY = "libc++";
				CLANG_ENABLE_MODULES = YES;
				CLANG_ENABLE_OBJC_ARC = YES;
				CLANG_ENABLE_OBJC_WEAK = YES;
				CLANG_WARN_BLOCK_CAPTURE_AUTORELEASING = YES;
				CLANG_WARN_BOOL_CONVERSION = YES;
				CLANG_WARN_COMMA = YES;
				CLANG_WARN_CONSTANT_CONVERSION = YES;
				CLANG_WARN_DEPRECATED_OBJC_IMPLEMENTATIONS = YES;
				CLANG_WARN_DIRECT_OBJC_ISA_USAGE = YES_ERROR;
				CLANG_WARN_DOCUMENTATION_COMMENTS = YES;
				CLANG_WARN_EMPTY_BODY = YES;
				CLANG_WARN_ENUM_CONVERSION = YES;
				CLANG_WARN_INFINITE_RECURSION = YES;
				CLANG_WARN_INT_CONVERSION = YES;
				CLANG_WARN_NON_LITERAL_NULL_CONVERSION = YES;
				CLANG_WARN_OBJC_IMPLICIT_RETAIN_SELF = YES;
				CLANG_WARN_OBJC_LITERAL_CONVERSION = YES;
				CLANG_WARN_OBJC_ROOT_CLASS = YES_ERROR;
				CLANG_WARN_QUOTED_INCLUDE_IN_FRAMEWORK_HEADER = YES;
				CLANG_WARN_RANGE_LOOP_ANALYSIS = YES;
				CLANG_WARN_STRICT_PROTOTYPES = YES;
				CLANG_WARN_SUSPICIOUS_MOVE = YES;
				CLANG_WARN_UNGUARDED_AVAILABILITY = YES_AGGRESSIVE;
				CLANG_WARN_UNREACHABLE_CODE = YES;
				CLANG_WARN__DUPLICATE_METHOD_MATCH = YES;
				COPY_PHASE_STRIP = NO;
				DEBUG_INFORMATION_FORMAT = dwarf;
				ENABLE_STRICT_OBJC_MSGSEND = YES;
				ENABLE_TESTABILITY = YES;
				GCC_C_LANGUAGE_STANDARD = gnu11;
				GCC_DYNAMIC_NO_PIC = NO;
				GCC_NO_COMMON_BLOCKS = YES;
				GCC_OPTIMIZATION_LEVEL = 0;
				GCC_PREPROCESSOR_DEFINITIONS = (
					"DEBUG=1",
					"$(inherited)",
				);
				GCC_WARN_64_TO_32_BIT_CONVERSION = YES;
				GCC_WARN_ABOUT_RETURN_TYPE = YES_ERROR;
				GCC_WARN_UNDECLARED_SELECTOR = YES;
				GCC_WARN_UNINITIALIZED_AUTOS = YES_AGGRESSIVE;
				GCC_WARN_UNUSED_FUNCTION = YES;
				GCC_WARN_UNUSED_VARIABLE = YES;
				IPHONEOS_DEPLOYMENT_TARGET = 14.0;
				MTL_ENABLE_DEBUG_INFO = INCLUDE_SOURCE;
				MTL_FAST_MATH = YES;
				ONLY_ACTIVE_ARCH = YES;
				SDKROOT = iphoneos;
				SWIFT_ACTIVE_COMPILATION_CONDITIONS = DEBUG;
				SWIFT_OPTIMIZATION_LEVEL = "-Onone";
			};
			name = Debug;
		};
		E152FF842517B3A800CF2671 /* Release */ = {
			isa = XCBuildConfiguration;
			buildSettings = {
				ALWAYS_SEARCH_USER_PATHS = NO;
				CLANG_ANALYZER_NONNULL = YES;
				CLANG_ANALYZER_NUMBER_OBJECT_CONVERSION = YES_AGGRESSIVE;
				CLANG_CXX_LANGUAGE_STANDARD = "gnu++14";
				CLANG_CXX_LIBRARY = "libc++";
				CLANG_ENABLE_MODULES = YES;
				CLANG_ENABLE_OBJC_ARC = YES;
				CLANG_ENABLE_OBJC_WEAK = YES;
				CLANG_WARN_BLOCK_CAPTURE_AUTORELEASING = YES;
				CLANG_WARN_BOOL_CONVERSION = YES;
				CLANG_WARN_COMMA = YES;
				CLANG_WARN_CONSTANT_CONVERSION = YES;
				CLANG_WARN_DEPRECATED_OBJC_IMPLEMENTATIONS = YES;
				CLANG_WARN_DIRECT_OBJC_ISA_USAGE = YES_ERROR;
				CLANG_WARN_DOCUMENTATION_COMMENTS = YES;
				CLANG_WARN_EMPTY_BODY = YES;
				CLANG_WARN_ENUM_CONVERSION = YES;
				CLANG_WARN_INFINITE_RECURSION = YES;
				CLANG_WARN_INT_CONVERSION = YES;
				CLANG_WARN_NON_LITERAL_NULL_CONVERSION = YES;
				CLANG_WARN_OBJC_IMPLICIT_RETAIN_SELF = YES;
				CLANG_WARN_OBJC_LITERAL_CONVERSION = YES;
				CLANG_WARN_OBJC_ROOT_CLASS = YES_ERROR;
				CLANG_WARN_QUOTED_INCLUDE_IN_FRAMEWORK_HEADER = YES;
				CLANG_WARN_RANGE_LOOP_ANALYSIS = YES;
				CLANG_WARN_STRICT_PROTOTYPES = YES;
				CLANG_WARN_SUSPICIOUS_MOVE = YES;
				CLANG_WARN_UNGUARDED_AVAILABILITY = YES_AGGRESSIVE;
				CLANG_WARN_UNREACHABLE_CODE = YES;
				CLANG_WARN__DUPLICATE_METHOD_MATCH = YES;
				COPY_PHASE_STRIP = NO;
				DEBUG_INFORMATION_FORMAT = "dwarf-with-dsym";
				ENABLE_NS_ASSERTIONS = NO;
				ENABLE_STRICT_OBJC_MSGSEND = YES;
				GCC_C_LANGUAGE_STANDARD = gnu11;
				GCC_NO_COMMON_BLOCKS = YES;
				GCC_WARN_64_TO_32_BIT_CONVERSION = YES;
				GCC_WARN_ABOUT_RETURN_TYPE = YES_ERROR;
				GCC_WARN_UNDECLARED_SELECTOR = YES;
				GCC_WARN_UNINITIALIZED_AUTOS = YES_AGGRESSIVE;
				GCC_WARN_UNUSED_FUNCTION = YES;
				GCC_WARN_UNUSED_VARIABLE = YES;
				IPHONEOS_DEPLOYMENT_TARGET = 14.0;
				MTL_ENABLE_DEBUG_INFO = NO;
				MTL_FAST_MATH = YES;
				SDKROOT = iphoneos;
				SWIFT_COMPILATION_MODE = wholemodule;
				SWIFT_OPTIMIZATION_LEVEL = "-O";
				VALIDATE_PRODUCT = YES;
			};
			name = Release;
		};
		E152FF862517B3A800CF2671 /* Debug */ = {
			isa = XCBuildConfiguration;
			buildSettings = {
				ASSETCATALOG_COMPILER_APPICON_NAME = AppIcon;
				ASSETCATALOG_COMPILER_GLOBAL_ACCENT_COLOR_NAME = AccentColor;
				CODE_SIGN_STYLE = Automatic;
				DEVELOPMENT_ASSET_PATHS = "\"memorize/Preview Content\"";
				DEVELOPMENT_TEAM = 7K2HLWAMJ8;
				ENABLE_PREVIEWS = YES;
				INFOPLIST_FILE = memorize/Info.plist;
				IPHONEOS_DEPLOYMENT_TARGET = 14.0;
				LD_RUNPATH_SEARCH_PATHS = (
					"$(inherited)",
					"@executable_path/Frameworks",
				);
				PRODUCT_BUNDLE_IDENTIFIER = eu.plagens.memorize;
				PRODUCT_NAME = "$(TARGET_NAME)";
				SWIFT_VERSION = 5.0;
				TARGETED_DEVICE_FAMILY = "1,2";
			};
			name = Debug;
		};
		E152FF872517B3A800CF2671 /* Release */ = {
			isa = XCBuildConfiguration;
			buildSettings = {
				ASSETCATALOG_COMPILER_APPICON_NAME = AppIcon;
				ASSETCATALOG_COMPILER_GLOBAL_ACCENT_COLOR_NAME = AccentColor;
				CODE_SIGN_STYLE = Automatic;
				DEVELOPMENT_ASSET_PATHS = "\"memorize/Preview Content\"";
				DEVELOPMENT_TEAM = 7K2HLWAMJ8;
				ENABLE_PREVIEWS = YES;
				INFOPLIST_FILE = memorize/Info.plist;
				IPHONEOS_DEPLOYMENT_TARGET = 14.0;
				LD_RUNPATH_SEARCH_PATHS = (
					"$(inherited)",
					"@executable_path/Frameworks",
				);
				PRODUCT_BUNDLE_IDENTIFIER = eu.plagens.memorize;
				PRODUCT_NAME = "$(TARGET_NAME)";
				SWIFT_VERSION = 5.0;
				TARGETED_DEVICE_FAMILY = "1,2";
			};
			name = Release;
		};
/* End XCBuildConfiguration section */

/* Begin XCConfigurationList section */
		E152FF712517B3A700CF2671 /* Build configuration list for PBXProject "memorize" */ = {
			isa = XCConfigurationList;
			buildConfigurations = (
				E152FF832517B3A800CF2671 /* Debug */,
				E152FF842517B3A800CF2671 /* Release */,
			);
			defaultConfigurationIsVisible = 0;
			defaultConfigurationName = Release;
		};
		E152FF852517B3A800CF2671 /* Build configuration list for PBXNativeTarget "memorize" */ = {
			isa = XCConfigurationList;
			buildConfigurations = (
				E152FF862517B3A800CF2671 /* Debug */,
				E152FF872517B3A800CF2671 /* Release */,
			);
			defaultConfigurationIsVisible = 0;
			defaultConfigurationName = Release;
		};
/* End XCConfigurationList section */
	};
	rootObject = E152FF6E2517B3A700CF2671 /* Project object */;
}
